
Microsoft Visual Studio Solution File, Format Version 12.00
# Visual Studio Version 16
VisualStudioVersion = 16.0.31019.35
MinimumVisualStudioVersion = 10.0.40219.1
Project("{FAE04EC0-301F-11D3-BF4B-00C04F79EFBC}") = "SegmentSample.UWP", "SegmentSample\SegmentSample.UWP\SegmentSample.UWP.csproj", "{71764AB6-C9E9-4142-8828-7A79F054A855}"
EndProject
Project("{FAE04EC0-301F-11D3-BF4B-00C04F79EFBC}") = "SegmentSample.Android", "SegmentSample\SegmentSample.Android\SegmentSample.Android.csproj", "{D49A8B7B-2B33-42C1-9178-69C816C09F52}"
EndProject
Project("{FAE04EC0-301F-11D3-BF4B-00C04F79EFBC}") = "SegmentSample.iOS", "SegmentSample\SegmentSample.iOS\SegmentSample.iOS.csproj", "{EAA519F3-1910-420C-A0EC-FE9F8967C12D}"
EndProject
Project("{FAE04EC0-301F-11D3-BF4B-00C04F79EFBC}") = "SegmentSample", "SegmentSample\SegmentSample\SegmentSample.csproj", "{3A338D38-E35D-460E-9978-93E2938347D5}"
EndProject
Global
	GlobalSection(SolutionConfigurationPlatforms) = preSolution
		Debug|Any CPU = Debug|Any CPU
		Debug|ARM = Debug|ARM
		Debug|iPhone = Debug|iPhone
		Debug|iPhoneSimulator = Debug|iPhoneSimulator
		Debug|x64 = Debug|x64
		Debug|x86 = Debug|x86
		Release|Any CPU = Release|Any CPU
		Release|ARM = Release|ARM
		Release|iPhone = Release|iPhone
		Release|iPhoneSimulator = Release|iPhoneSimulator
		Release|x64 = Release|x64
		Release|x86 = Release|x86
	EndGlobalSection
	GlobalSection(ProjectConfigurationPlatforms) = postSolution
		{71764AB6-C9E9-4142-8828-7A79F054A855}.Debug|Any CPU.ActiveCfg = Debug|x86
		{71764AB6-C9E9-4142-8828-7A79F054A855}.Debug|Any CPU.Build.0 = Debug|x86
		{71764AB6-C9E9-4142-8828-7A79F054A855}.Debug|Any CPU.Deploy.0 = Debug|x86
		{71764AB6-C9E9-4142-8828-7A79F054A855}.Debug|ARM.ActiveCfg = Debug|ARM
		{71764AB6-C9E9-4142-8828-7A79F054A855}.Debug|ARM.Build.0 = Debug|ARM
		{71764AB6-C9E9-4142-8828-7A79F054A855}.Debug|ARM.Deploy.0 = Debug|ARM
		{71764AB6-C9E9-4142-8828-7A79F054A855}.Debug|iPhone.ActiveCfg = Debug|x86
		{71764AB6-C9E9-4142-8828-7A79F054A855}.Debug|iPhone.Build.0 = Debug|x86
		{71764AB6-C9E9-4142-8828-7A79F054A855}.Debug|iPhone.Deploy.0 = Debug|x86
		{71764AB6-C9E9-4142-8828-7A79F054A855}.Debug|iPhoneSimulator.ActiveCfg = Debug|x86
		{71764AB6-C9E9-4142-8828-7A79F054A855}.Debug|iPhoneSimulator.Build.0 = Debug|x86
		{71764AB6-C9E9-4142-8828-7A79F054A855}.Debug|iPhoneSimulator.Deploy.0 = Debug|x86
		{71764AB6-C9E9-4142-8828-7A79F054A855}.Debug|x64.ActiveCfg = Debug|x64
		{71764AB6-C9E9-4142-8828-7A79F054A855}.Debug|x64.Build.0 = Debug|x64
		{71764AB6-C9E9-4142-8828-7A79F054A855}.Debug|x64.Deploy.0 = Debug|x64
		{71764AB6-C9E9-4142-8828-7A79F054A855}.Debug|x86.ActiveCfg = Debug|x86
		{71764AB6-C9E9-4142-8828-7A79F054A855}.Debug|x86.Build.0 = Debug|x86
		{71764AB6-C9E9-4142-8828-7A79F054A855}.Debug|x86.Deploy.0 = Debug|x86
		{71764AB6-C9E9-4142-8828-7A79F054A855}.Release|Any CPU.ActiveCfg = Release|x86
		{71764AB6-C9E9-4142-8828-7A79F054A855}.Release|Any CPU.Build.0 = Release|x86
		{71764AB6-C9E9-4142-8828-7A79F054A855}.Release|Any CPU.Deploy.0 = Release|x86
		{71764AB6-C9E9-4142-8828-7A79F054A855}.Release|ARM.ActiveCfg = Release|ARM
		{71764AB6-C9E9-4142-8828-7A79F054A855}.Release|ARM.Build.0 = Release|ARM
		{71764AB6-C9E9-4142-8828-7A79F054A855}.Release|ARM.Deploy.0 = Release|ARM
		{71764AB6-C9E9-4142-8828-7A79F054A855}.Release|iPhone.ActiveCfg = Release|x86
		{71764AB6-C9E9-4142-8828-7A79F054A855}.Release|iPhone.Build.0 = Release|x86
		{71764AB6-C9E9-4142-8828-7A79F054A855}.Release|iPhone.Deploy.0 = Release|x86
		{71764AB6-C9E9-4142-8828-7A79F054A855}.Release|iPhoneSimulator.ActiveCfg = Release|x86
		{71764AB6-C9E9-4142-8828-7A79F054A855}.Release|iPhoneSimulator.Build.0 = Release|x86
		{71764AB6-C9E9-4142-8828-7A79F054A855}.Release|iPhoneSimulator.Deploy.0 = Release|x86
		{71764AB6-C9E9-4142-8828-7A79F054A855}.Release|x64.ActiveCfg = Release|x64
		{71764AB6-C9E9-4142-8828-7A79F054A855}.Release|x64.Build.0 = Release|x64
		{71764AB6-C9E9-4142-8828-7A79F054A855}.Release|x64.Deploy.0 = Release|x64
		{71764AB6-C9E9-4142-8828-7A79F054A855}.Release|x86.ActiveCfg = Release|x86
		{71764AB6-C9E9-4142-8828-7A79F054A855}.Release|x86.Build.0 = Release|x86
		{71764AB6-C9E9-4142-8828-7A79F054A855}.Release|x86.Deploy.0 = Release|x86
		{D49A8B7B-2B33-42C1-9178-69C816C09F52}.Debug|Any CPU.ActiveCfg = Debug|Any CPU
		{D49A8B7B-2B33-42C1-9178-69C816C09F52}.Debug|Any CPU.Build.0 = Debug|Any CPU
		{D49A8B7B-2B33-42C1-9178-69C816C09F52}.Debug|Any CPU.Deploy.0 = Debug|Any CPU
		{D49A8B7B-2B33-42C1-9178-69C816C09F52}.Debug|ARM.ActiveCfg = Debug|Any CPU
		{D49A8B7B-2B33-42C1-9178-69C816C09F52}.Debug|ARM.Build.0 = Debug|Any CPU
		{D49A8B7B-2B33-42C1-9178-69C816C09F52}.Debug|ARM.Deploy.0 = Debug|Any CPU
		{D49A8B7B-2B33-42C1-9178-69C816C09F52}.Debug|iPhone.ActiveCfg = Debug|Any CPU
		{D49A8B7B-2B33-42C1-9178-69C816C09F52}.Debug|iPhone.Build.0 = Debug|Any CPU
		{D49A8B7B-2B33-42C1-9178-69C816C09F52}.Debug|iPhone.Deploy.0 = Debug|Any CPU
		{D49A8B7B-2B33-42C1-9178-69C816C09F52}.Debug|iPhoneSimulator.ActiveCfg = Debug|Any CPU
		{D49A8B7B-2B33-42C1-9178-69C816C09F52}.Debug|iPhoneSimulator.Build.0 = Debug|Any CPU
		{D49A8B7B-2B33-42C1-9178-69C816C09F52}.Debug|iPhoneSimulator.Deploy.0 = Debug|Any CPU
		{D49A8B7B-2B33-42C1-9178-69C816C09F52}.Debug|x64.ActiveCfg = Debug|Any CPU
		{D49A8B7B-2B33-42C1-9178-69C816C09F52}.Debug|x64.Build.0 = Debug|Any CPU
		{D49A8B7B-2B33-42C1-9178-69C816C09F52}.Debug|x64.Deploy.0 = Debug|Any CPU
		{D49A8B7B-2B33-42C1-9178-69C816C09F52}.Debug|x86.ActiveCfg = Debug|Any CPU
		{D49A8B7B-2B33-42C1-9178-69C816C09F52}.Debug|x86.Build.0 = Debug|Any CPU
		{D49A8B7B-2B33-42C1-9178-69C816C09F52}.Debug|x86.Deploy.0 = Debug|Any CPU
		{D49A8B7B-2B33-42C1-9178-69C816C09F52}.Release|Any CPU.ActiveCfg = Release|Any CPU
		{D49A8B7B-2B33-42C1-9178-69C816C09F52}.Release|Any CPU.Build.0 = Release|Any CPU
		{D49A8B7B-2B33-42C1-9178-69C816C09F52}.Release|Any CPU.Deploy.0 = Release|Any CPU
		{D49A8B7B-2B33-42C1-9178-69C816C09F52}.Release|ARM.ActiveCfg = Release|Any CPU
		{D49A8B7B-2B33-42C1-9178-69C816C09F52}.Release|ARM.Build.0 = Release|Any CPU
		{D49A8B7B-2B33-42C1-9178-69C816C09F52}.Release|ARM.Deploy.0 = Release|Any CPU
		{D49A8B7B-2B33-42C1-9178-69C816C09F52}.Release|iPhone.ActiveCfg = Release|Any CPU
		{D49A8B7B-2B33-42C1-9178-69C816C09F52}.Release|iPhone.Build.0 = Release|Any CPU
		{D49A8B7B-2B33-42C1-9178-69C816C09F52}.Release|iPhone.Deploy.0 = Release|Any CPU
		{D49A8B7B-2B33-42C1-9178-69C816C09F52}.Release|iPhoneSimulator.ActiveCfg = Release|Any CPU
		{D49A8B7B-2B33-42C1-9178-69C816C09F52}.Release|iPhoneSimulator.Build.0 = Release|Any CPU
		{D49A8B7B-2B33-42C1-9178-69C816C09F52}.Release|iPhoneSimulator.Deploy.0 = Release|Any CPU
		{D49A8B7B-2B33-42C1-9178-69C816C09F52}.Release|x64.ActiveCfg = Release|Any CPU
		{D49A8B7B-2B33-42C1-9178-69C816C09F52}.Release|x64.Build.0 = Release|Any CPU
		{D49A8B7B-2B33-42C1-9178-69C816C09F52}.Release|x64.Deploy.0 = Release|Any CPU
		{D49A8B7B-2B33-42C1-9178-69C816C09F52}.Release|x86.ActiveCfg = Release|Any CPU
		{D49A8B7B-2B33-42C1-9178-69C816C09F52}.Release|x86.Build.0 = Release|Any CPU
		{D49A8B7B-2B33-42C1-9178-69C816C09F52}.Release|x86.Deploy.0 = Release|Any CPU
		{EAA519F3-1910-420C-A0EC-FE9F8967C12D}.Debug|Any CPU.ActiveCfg = Debug|iPhoneSimulator
		{EAA519F3-1910-420C-A0EC-FE9F8967C12D}.Debug|Any CPU.Build.0 = Debug|iPhoneSimulator
		{EAA519F3-1910-420C-A0EC-FE9F8967C12D}.Debug|Any CPU.Deploy.0 = Debug|iPhoneSimulator
		{EAA519F3-1910-420C-A0EC-FE9F8967C12D}.Debug|ARM.ActiveCfg = Debug|iPhone
		{EAA519F3-1910-420C-A0EC-FE9F8967C12D}.Debug|ARM.Build.0 = Debug|iPhone
		{EAA519F3-1910-420C-A0EC-FE9F8967C12D}.Debug|ARM.Deploy.0 = Debug|iPhone
		{EAA519F3-1910-420C-A0EC-FE9F8967C12D}.Debug|iPhone.ActiveCfg = Debug|iPhone
		{EAA519F3-1910-420C-A0EC-FE9F8967C12D}.Debug|iPhone.Build.0 = Debug|iPhone
		{EAA519F3-1910-420C-A0EC-FE9F8967C12D}.Debug|iPhone.Deploy.0 = Debug|iPhone
		{EAA519F3-1910-420C-A0EC-FE9F8967C12D}.Debug|iPhoneSimulator.ActiveCfg = Debug|iPhoneSimulator
		{EAA519F3-1910-420C-A0EC-FE9F8967C12D}.Debug|iPhoneSimulator.Build.0 = Debug|iPhoneSimulator
		{EAA519F3-1910-420C-A0EC-FE9F8967C12D}.Debug|iPhoneSimulator.Deploy.0 = Debug|iPhoneSimulator
		{EAA519F3-1910-420C-A0EC-FE9F8967C12D}.Debug|x64.ActiveCfg = Debug|iPhoneSimulator
		{EAA519F3-1910-420C-A0EC-FE9F8967C12D}.Debug|x64.Build.0 = Debug|iPhoneSimulator
		{EAA519F3-1910-420C-A0EC-FE9F8967C12D}.Debug|x64.Deploy.0 = Debug|iPhoneSimulator
		{EAA519F3-1910-420C-A0EC-FE9F8967C12D}.Debug|x86.ActiveCfg = Debug|iPhoneSimulator
		{EAA519F3-1910-420C-A0EC-FE9F8967C12D}.Debug|x86.Build.0 = Debug|iPhoneSimulator
		{EAA519F3-1910-420C-A0EC-FE9F8967C12D}.Debug|x86.Deploy.0 = Debug|iPhoneSimulator
		{EAA519F3-1910-420C-A0EC-FE9F8967C12D}.Release|Any CPU.ActiveCfg = Release|iPhoneSimulator
		{EAA519F3-1910-420C-A0EC-FE9F8967C12D}.Release|Any CPU.Build.0 = Release|iPhoneSimulator
		{EAA519F3-1910-420C-A0EC-FE9F8967C12D}.Release|Any CPU.Deploy.0 = Release|iPhoneSimulator
		{EAA519F3-1910-420C-A0EC-FE9F8967C12D}.Release|ARM.ActiveCfg = Release|iPhoneSimulator
		{EAA519F3-1910-420C-A0EC-FE9F8967C12D}.Release|ARM.Build.0 = Release|iPhoneSimulator
		{EAA519F3-1910-420C-A0EC-FE9F8967C12D}.Release|ARM.Deploy.0 = Release|iPhoneSimulator
		{EAA519F3-1910-420C-A0EC-FE9F8967C12D}.Release|iPhone.ActiveCfg = Release|iPhone
		{EAA519F3-1910-420C-A0EC-FE9F8967C12D}.Release|iPhone.Build.0 = Release|iPhone
		{EAA519F3-1910-420C-A0EC-FE9F8967C12D}.Release|iPhone.Deploy.0 = Release|iPhone
		{EAA519F3-1910-420C-A0EC-FE9F8967C12D}.Release|iPhoneSimulator.ActiveCfg = Release|iPhoneSimulator
		{EAA519F3-1910-420C-A0EC-FE9F8967C12D}.Release|iPhoneSimulator.Build.0 = Release|iPhoneSimulator
		{EAA519F3-1910-420C-A0EC-FE9F8967C12D}.Release|iPhoneSimulator.Deploy.0 = Release|iPhoneSimulator
		{EAA519F3-1910-420C-A0EC-FE9F8967C12D}.Release|x64.ActiveCfg = Release|iPhoneSimulator
		{EAA519F3-1910-420C-A0EC-FE9F8967C12D}.Release|x64.Build.0 = Release|iPhoneSimulator
		{EAA519F3-1910-420C-A0EC-FE9F8967C12D}.Release|x64.Deploy.0 = Release|iPhoneSimulator
		{EAA519F3-1910-420C-A0EC-FE9F8967C12D}.Release|x86.ActiveCfg = Release|iPhoneSimulator
		{EAA519F3-1910-420C-A0EC-FE9F8967C12D}.Release|x86.Build.0 = Release|iPhoneSimulator
		{EAA519F3-1910-420C-A0EC-FE9F8967C12D}.Release|x86.Deploy.0 = Release|iPhoneSimulator
		{3A338D38-E35D-460E-9978-93E2938347D5}.Debug|Any CPU.ActiveCfg = Debug|Any CPU
		{3A338D38-E35D-460E-9978-93E2938347D5}.Debug|Any CPU.Build.0 = Debug|Any CPU
		{3A338D38-E35D-460E-9978-93E2938347D5}.Debug|Any CPU.Deploy.0 = Debug|Any CPU
		{3A338D38-E35D-460E-9978-93E2938347D5}.Debug|ARM.ActiveCfg = Debug|Any CPU
		{3A338D38-E35D-460E-9978-93E2938347D5}.Debug|ARM.Build.0 = Debug|Any CPU
		{3A338D38-E35D-460E-9978-93E2938347D5}.Debug|ARM.Deploy.0 = Debug|Any CPU
		{3A338D38-E35D-460E-9978-93E2938347D5}.Debug|iPhone.ActiveCfg = Debug|Any CPU
		{3A338D38-E35D-460E-9978-93E2938347D5}.Debug|iPhone.Build.0 = Debug|Any CPU
		{3A338D38-E35D-460E-9978-93E2938347D5}.Debug|iPhone.Deploy.0 = Debug|Any CPU
		{3A338D38-E35D-460E-9978-93E2938347D5}.Debug|iPhoneSimulator.ActiveCfg = Debug|Any CPU
		{3A338D38-E35D-460E-9978-93E2938347D5}.Debug|iPhoneSimulator.Build.0 = Debug|Any CPU
		{3A338D38-E35D-460E-9978-93E2938347D5}.Debug|iPhoneSimulator.Deploy.0 = Debug|Any CPU
		{3A338D38-E35D-460E-9978-93E2938347D5}.Debug|x64.ActiveCfg = Debug|Any CPU
		{3A338D38-E35D-460E-9978-93E2938347D5}.Debug|x64.Build.0 = Debug|Any CPU
		{3A338D38-E35D-460E-9978-93E2938347D5}.Debug|x64.Deploy.0 = Debug|Any CPU
		{3A338D38-E35D-460E-9978-93E2938347D5}.Debug|x86.ActiveCfg = Debug|Any CPU
		{3A338D38-E35D-460E-9978-93E2938347D5}.Debug|x86.Build.0 = Debug|Any CPU
		{3A338D38-E35D-460E-9978-93E2938347D5}.Debug|x86.Deploy.0 = Debug|Any CPU
		{3A338D38-E35D-460E-9978-93E2938347D5}.Release|Any CPU.ActiveCfg = Release|Any CPU
		{3A338D38-E35D-460E-9978-93E2938347D5}.Release|Any CPU.Build.0 = Release|Any CPU
		{3A338D38-E35D-460E-9978-93E2938347D5}.Release|Any CPU.Deploy.0 = Release|Any CPU
		{3A338D38-E35D-460E-9978-93E2938347D5}.Release|ARM.ActiveCfg = Release|Any CPU
		{3A338D38-E35D-460E-9978-93E2938347D5}.Release|ARM.Build.0 = Release|Any CPU
		{3A338D38-E35D-460E-9978-93E2938347D5}.Release|ARM.Deploy.0 = Release|Any CPU
		{3A338D38-E35D-460E-9978-93E2938347D5}.Release|iPhone.ActiveCfg = Release|Any CPU
		{3A338D38-E35D-460E-9978-93E2938347D5}.Release|iPhone.Build.0 = Release|Any CPU
		{3A338D38-E35D-460E-9978-93E2938347D5}.Release|iPhone.Deploy.0 = Release|Any CPU
		{3A338D38-E35D-460E-9978-93E2938347D5}.Release|iPhoneSimulator.ActiveCfg = Release|Any CPU
		{3A338D38-E35D-460E-9978-93E2938347D5}.Release|iPhoneSimulator.Build.0 = Release|Any CPU
		{3A338D38-E35D-460E-9978-93E2938347D5}.Release|iPhoneSimulator.Deploy.0 = Release|Any CPU
		{3A338D38-E35D-460E-9978-93E2938347D5}.Release|x64.ActiveCfg = Release|Any CPU
		{3A338D38-E35D-460E-9978-93E2938347D5}.Release|x64.Build.0 = Release|Any CPU
		{3A338D38-E35D-460E-9978-93E2938347D5}.Release|x64.Deploy.0 = Release|Any CPU
		{3A338D38-E35D-460E-9978-93E2938347D5}.Release|x86.ActiveCfg = Release|Any CPU
		{3A338D38-E35D-460E-9978-93E2938347D5}.Release|x86.Build.0 = Release|Any CPU
		{3A338D38-E35D-460E-9978-93E2938347D5}.Release|x86.Deploy.0 = Release|Any CPU
	EndGlobalSection
	GlobalSection(SolutionProperties) = preSolution
		HideSolutionNode = FALSE
	EndGlobalSection
	GlobalSection(ExtensibilityGlobals) = postSolution
		SolutionGuid = {A380BBB5-5A3D-4E76-9B85-0453A3FAE192}
	EndGlobalSection
EndGlobal
